
Microsoft Visual Studio Solution File, Format Version 12.00
# Visual Studio Version 16
VisualStudioVersion = 16.0.31702.278
MinimumVisualStudioVersion = 10.0.40219.1
Project("{FAE04EC0-301F-11D3-BF4B-00C04F79EFBC}") = "Shared", "Shared\Shared.csproj", "{51E3B15B-AA9E-4D88-A7C8-3827FFC1AE8E}"
EndProject
Project("{FAE04EC0-301F-11D3-BF4B-00C04F79EFBC}") = "Mappers", "Mappers\Mappers.csproj", "{B9224219-1B29-4F69-AD49-180A783A1DD1}"
EndProject
Global
	GlobalSection(SolutionConfigurationPlatforms) = preSolution
		Debug|Any CPU = Debug|Any CPU
		Release|Any CPU = Release|Any CPU
	EndGlobalSection
	GlobalSection(ProjectConfigurationPlatforms) = postSolution
		{51E3B15B-AA9E-4D88-A7C8-3827FFC1AE8E}.Debug|Any CPU.ActiveCfg = Debug|Any CPU
		{51E3B15B-AA9E-4D88-A7C8-3827FFC1AE8E}.Debug|Any CPU.Build.0 = Debug|Any CPU
		{51E3B15B-AA9E-4D88-A7C8-3827FFC1AE8E}.Release|Any CPU.ActiveCfg = Release|Any CPU
		{51E3B15B-AA9E-4D88-A7C8-3827FFC1AE8E}.Release|Any CPU.Build.0 = Release|Any CPU
		{B9224219-1B29-4F69-AD49-180A783A1DD1}.Debug|Any CPU.ActiveCfg = Debug|Any CPU
		{B9224219-1B29-4F69-AD49-180A783A1DD1}.Debug|Any CPU.Build.0 = Debug|Any CPU
		{B9224219-1B29-4F69-AD49-180A783A1DD1}.Release|Any CPU.ActiveCfg = Release|Any CPU
		{B9224219-1B29-4F69-AD49-180A783A1DD1}.Release|Any CPU.Build.0 = Release|Any CPU
	EndGlobalSection
	GlobalSection(SolutionProperties) = preSolution
		HideSolutionNode = FALSE
	EndGlobalSection
	GlobalSection(ExtensibilityGlobals) = postSolution
		SolutionGuid = {8054256E-6A13-4A29-B180-71436EB8BFBD}
	EndGlobalSection
EndGlobal
